
Microsoft Visual Studio Solution File, Format Version 12.00
# Visual Studio Version 17
VisualStudioVersion = 17.8.34309.116
MinimumVisualStudioVersion = 10.0.40219.1
Project("{FAE04EC0-301F-11D3-BF4B-00C04F79EFBC}") = "ClaseDto", "ClaseDto\ClaseDto.csproj", "{16F28120-5E60-4213-B294-87DF16B6A72E}"
EndProject
Project("{FAE04EC0-301F-11D3-BF4B-00C04F79EFBC}") = "Data", "Data\Data.csproj", "{63DE759B-5DE5-46E2-8092-2B4E000EA5F6}"
EndProject
Project("{FAE04EC0-301F-11D3-BF4B-00C04F79EFBC}") = "ClaseService", "ClaseService\ClaseService.csproj", "{35A8ED45-02B0-4BD2-8D53-5B8716D8CDBE}"
EndProject
Project("{FAE04EC0-301F-11D3-BF4B-00C04F79EFBC}") = "TestClientes", "TestClientes\TestClientes.csproj", "{B6C41090-10B5-4468-80F6-67AEC40752DE}"
EndProject
Project("{FAE04EC0-301F-11D3-BF4B-00C04F79EFBC}") = "WebApi", "WebApi\WebApi.csproj", "{FE65AFE9-0636-421E-902B-D24C5D733870}"
EndProject
Global
	GlobalSection(SolutionConfigurationPlatforms) = preSolution
		Debug|Any CPU = Debug|Any CPU
		Release|Any CPU = Release|Any CPU
	EndGlobalSection
	GlobalSection(ProjectConfigurationPlatforms) = postSolution
		{16F28120-5E60-4213-B294-87DF16B6A72E}.Debug|Any CPU.ActiveCfg = Debug|Any CPU
		{16F28120-5E60-4213-B294-87DF16B6A72E}.Debug|Any CPU.Build.0 = Debug|Any CPU
		{16F28120-5E60-4213-B294-87DF16B6A72E}.Release|Any CPU.ActiveCfg = Release|Any CPU
		{16F28120-5E60-4213-B294-87DF16B6A72E}.Release|Any CPU.Build.0 = Release|Any CPU
		{63DE759B-5DE5-46E2-8092-2B4E000EA5F6}.Debug|Any CPU.ActiveCfg = Debug|Any CPU
		{63DE759B-5DE5-46E2-8092-2B4E000EA5F6}.Debug|Any CPU.Build.0 = Debug|Any CPU
		{63DE759B-5DE5-46E2-8092-2B4E000EA5F6}.Release|Any CPU.ActiveCfg = Release|Any CPU
		{63DE759B-5DE5-46E2-8092-2B4E000EA5F6}.Release|Any CPU.Build.0 = Release|Any CPU
		{35A8ED45-02B0-4BD2-8D53-5B8716D8CDBE}.Debug|Any CPU.ActiveCfg = Debug|Any CPU
		{35A8ED45-02B0-4BD2-8D53-5B8716D8CDBE}.Debug|Any CPU.Build.0 = Debug|Any CPU
		{35A8ED45-02B0-4BD2-8D53-5B8716D8CDBE}.Release|Any CPU.ActiveCfg = Release|Any CPU
		{35A8ED45-02B0-4BD2-8D53-5B8716D8CDBE}.Release|Any CPU.Build.0 = Release|Any CPU
		{B6C41090-10B5-4468-80F6-67AEC40752DE}.Debug|Any CPU.ActiveCfg = Debug|Any CPU
		{B6C41090-10B5-4468-80F6-67AEC40752DE}.Debug|Any CPU.Build.0 = Debug|Any CPU
		{B6C41090-10B5-4468-80F6-67AEC40752DE}.Release|Any CPU.ActiveCfg = Release|Any CPU
		{B6C41090-10B5-4468-80F6-67AEC40752DE}.Release|Any CPU.Build.0 = Release|Any CPU
		{FE65AFE9-0636-421E-902B-D24C5D733870}.Debug|Any CPU.ActiveCfg = Debug|Any CPU
		{FE65AFE9-0636-421E-902B-D24C5D733870}.Debug|Any CPU.Build.0 = Debug|Any CPU
		{FE65AFE9-0636-421E-902B-D24C5D733870}.Release|Any CPU.ActiveCfg = Release|Any CPU
		{FE65AFE9-0636-421E-902B-D24C5D733870}.Release|Any CPU.Build.0 = Release|Any CPU
	EndGlobalSection
	GlobalSection(SolutionProperties) = preSolution
		HideSolutionNode = FALSE
	EndGlobalSection
	GlobalSection(ExtensibilityGlobals) = postSolution
		SolutionGuid = {6776F33D-E280-4932-BFFF-FD09FAB3ED26}
	EndGlobalSection
EndGlobal
